
Microsoft Visual Studio Solution File, Format Version 12.00
# Visual Studio Version 16
VisualStudioVersion = 16.0.29709.97
MinimumVisualStudioVersion = 10.0.40219.1
Project("{FAE04EC0-301F-11D3-BF4B-00C04F79EFBC}") = "Blockshooter", "Blockshooter\Blockshooter.csproj", "{62325137-2A06-4FAC-94AB-6AAD489063D6}"
EndProject
Global
	GlobalSection(SolutionConfigurationPlatforms) = preSolution
		Debug|x86 = Debug|x86
		Release|x86 = Release|x86
	EndGlobalSection
	GlobalSection(ProjectConfigurationPlatforms) = postSolution
		{62325137-2A06-4FAC-94AB-6AAD489063D6}.Debug|x86.ActiveCfg = Debug|x86
		{62325137-2A06-4FAC-94AB-6AAD489063D6}.Debug|x86.Build.0 = Debug|x86
		{62325137-2A06-4FAC-94AB-6AAD489063D6}.Release|x86.ActiveCfg = Release|x86
		{62325137-2A06-4FAC-94AB-6AAD489063D6}.Release|x86.Build.0 = Release|x86
	EndGlobalSection
	GlobalSection(SolutionProperties) = preSolution
		HideSolutionNode = FALSE
	EndGlobalSection
	GlobalSection(ExtensibilityGlobals) = postSolution
		SolutionGuid = {3D13DBAB-026B-4157-8E5D-EBE1547F432A}
	EndGlobalSection
EndGlobal
